
Microsoft Visual Studio Solution File, Format Version 12.00
# Visual Studio 15
VisualStudioVersion = 15.0.27428.2015
MinimumVisualStudioVersion = 10.0.40219.1
Project("{FAE04EC0-301F-11D3-BF4B-00C04F79EFBC}") = "hobby.Data", "hobby.Data\hobby.Data.csproj", "{FC3A154D-BAB3-4FF8-8488-FFA2EDC37729}"
EndProject
Project("{FAE04EC0-301F-11D3-BF4B-00C04F79EFBC}") = "hobby.web", "hobby.web\hobby.web.csproj", "{44B1A32D-1772-48E3-A3C3-C562EF890611}"
EndProject
Project("{FAE04EC0-301F-11D3-BF4B-00C04F79EFBC}") = "hobby.Core", "hobby.Core\hobby.Core.csproj", "{96B94F11-82E3-412F-8254-92D91B1D896B}"
EndProject
Project("{FAE04EC0-301F-11D3-BF4B-00C04F79EFBC}") = "hobby.Common", "hobby.Common\hobby.Common.csproj", "{B8A84611-91ED-46A8-96C1-0BDC86C0DF60}"
EndProject
Project("{FAE04EC0-301F-11D3-BF4B-00C04F79EFBC}") = "hobby.Cenum", "hobby.Cenum\hobby.Cenum.csproj", "{A494BA92-F7DB-4489-9C0F-B9BCBFAA9F29}"
EndProject
Global
	GlobalSection(SolutionConfigurationPlatforms) = preSolution
		Debug|Any CPU = Debug|Any CPU
		Release|Any CPU = Release|Any CPU
	EndGlobalSection
	GlobalSection(ProjectConfigurationPlatforms) = postSolution
		{FC3A154D-BAB3-4FF8-8488-FFA2EDC37729}.Debug|Any CPU.ActiveCfg = Debug|Any CPU
		{FC3A154D-BAB3-4FF8-8488-FFA2EDC37729}.Debug|Any CPU.Build.0 = Debug|Any CPU
		{FC3A154D-BAB3-4FF8-8488-FFA2EDC37729}.Release|Any CPU.ActiveCfg = Release|Any CPU
		{FC3A154D-BAB3-4FF8-8488-FFA2EDC37729}.Release|Any CPU.Build.0 = Release|Any CPU
		{44B1A32D-1772-48E3-A3C3-C562EF890611}.Debug|Any CPU.ActiveCfg = Debug|Any CPU
		{44B1A32D-1772-48E3-A3C3-C562EF890611}.Debug|Any CPU.Build.0 = Debug|Any CPU
		{44B1A32D-1772-48E3-A3C3-C562EF890611}.Release|Any CPU.ActiveCfg = Release|Any CPU
		{44B1A32D-1772-48E3-A3C3-C562EF890611}.Release|Any CPU.Build.0 = Release|Any CPU
		{96B94F11-82E3-412F-8254-92D91B1D896B}.Debug|Any CPU.ActiveCfg = Debug|Any CPU
		{96B94F11-82E3-412F-8254-92D91B1D896B}.Debug|Any CPU.Build.0 = Debug|Any CPU
		{96B94F11-82E3-412F-8254-92D91B1D896B}.Release|Any CPU.ActiveCfg = Release|Any CPU
		{96B94F11-82E3-412F-8254-92D91B1D896B}.Release|Any CPU.Build.0 = Release|Any CPU
		{B8A84611-91ED-46A8-96C1-0BDC86C0DF60}.Debug|Any CPU.ActiveCfg = Debug|Any CPU
		{B8A84611-91ED-46A8-96C1-0BDC86C0DF60}.Debug|Any CPU.Build.0 = Debug|Any CPU
		{B8A84611-91ED-46A8-96C1-0BDC86C0DF60}.Release|Any CPU.ActiveCfg = Release|Any CPU
		{B8A84611-91ED-46A8-96C1-0BDC86C0DF60}.Release|Any CPU.Build.0 = Release|Any CPU
		{A494BA92-F7DB-4489-9C0F-B9BCBFAA9F29}.Debug|Any CPU.ActiveCfg = Debug|Any CPU
		{A494BA92-F7DB-4489-9C0F-B9BCBFAA9F29}.Debug|Any CPU.Build.0 = Debug|Any CPU
		{A494BA92-F7DB-4489-9C0F-B9BCBFAA9F29}.Release|Any CPU.ActiveCfg = Release|Any CPU
		{A494BA92-F7DB-4489-9C0F-B9BCBFAA9F29}.Release|Any CPU.Build.0 = Release|Any CPU
	EndGlobalSection
	GlobalSection(SolutionProperties) = preSolution
		HideSolutionNode = FALSE
	EndGlobalSection
	GlobalSection(ExtensibilityGlobals) = postSolution
		SolutionGuid = {833ADC10-73AE-4DD4-BAA6-FB1B68391BA9}
	EndGlobalSection
EndGlobal
